Microsoft Visual Studio Solution File, Format Version 12.00
# Visual Studio 15
VisualStudioVersion = 15.0.28307.1401
MinimumVisualStudioVersion = 10.0.40219.1
Project("{8BC9CEB8-8B4A-11D0-8D11-00A0C91BC942}") = "MediaPlayer", "MediaPlayer\MediaPlayer.vcxproj", "{EB72A7D4-D55B-38A3-B7C7-5960D1317252}"
EndProject
Global
	GlobalSection(SolutionConfigurationPlatforms) = preSolution
		Debug|x64 = Debug|x64
		Release|x64 = Release|x64
	EndGlobalSection
	GlobalSection(ProjectConfigurationPlatforms) = postSolution
		{EB72A7D4-D55B-38A3-B7C7-5960D1317252}.Debug|x64.ActiveCfg = Debug|x64
		{EB72A7D4-D55B-38A3-B7C7-5960D1317252}.Debug|x64.Build.0 = Debug|x64
		{EB72A7D4-D55B-38A3-B7C7-5960D1317252}.Release|x64.ActiveCfg = Release|x64
		{EB72A7D4-D55B-38A3-B7C7-5960D1317252}.Release|x64.Build.0 = Release|x64
	EndGlobalSection
	GlobalSection(SolutionProperties) = preSolution
		HideSolutionNode = FALSE
	EndGlobalSection
	GlobalSection(ExtensibilityGlobals) = postSolution
		Qt5Version = nsvc2015_64
		SolutionGuid = {797CC448-4936-4320-AA66-B8F5A993767F}
	EndGlobalSection
EndGlobal
